// !$*UTF8*$!
{
	archiveVersion = 1;
	classes = {
	};
	objectVersion = 46;
	objects = {

/* Begin PBXBuildFile section */
		1424C2E81E23829700814324 /* UIViewController+Alert.swift in Sources */ = {isa = PBXBuildFile; fileRef = 1424C2E71E23829700814324 /* UIViewController+Alert.swift */; };
		14EF18FC1E22C716007C8C4D /* CropperViewController.swift in Sources */ = {isa = PBXBuildFile; fileRef = 14EF18FB1E22C716007C8C4D /* CropperViewController.swift */; };
		60837A5F1E229CF100E0892D /* AppDelegate.swift in Sources */ = {isa = PBXBuildFile; fileRef = 60837A5E1E229CF100E0892D /* AppDelegate.swift */; };
		60837A641E229CF100E0892D /* Main.storyboard in Resources */ = {isa = PBXBuildFile; fileRef = 60837A621E229CF100E0892D /* Main.storyboard */; };
		60837A661E229CF100E0892D /* Assets.xcassets in Resources */ = {isa = PBXBuildFile; fileRef = 60837A651E229CF100E0892D /* Assets.xcassets */; };
		60837A691E229CF100E0892D /* LaunchScreen.storyboard in Resources */ = {isa = PBXBuildFile; fileRef = 60837A671E229CF100E0892D /* LaunchScreen.storyboard */; };
		60837A741E229CF100E0892D /* Photo_CropperTests.swift in Sources */ = {isa = PBXBuildFile; fileRef = 60837A731E229CF100E0892D /* Photo_CropperTests.swift */; };
		60837A811E229E5A00E0892D /* LivePhotoPickerController.swift in Sources */ = {isa = PBXBuildFile; fileRef = 60837A801E229E5A00E0892D /* LivePhotoPickerController.swift */; };
		60837A831E22A1B100E0892D /* MediaResourceManager.swift in Sources */ = {isa = PBXBuildFile; fileRef = 60837A821E22A1B100E0892D /* MediaResourceManager.swift */; };
		60837A851E22A5AA00E0892D /* LivePhotoPlayer.swift in Sources */ = {isa = PBXBuildFile; fileRef = 60837A841E22A5AA00E0892D /* LivePhotoPlayer.swift */; };
		60837A871E22B5E500E0892D /* LibraryManager.swift in Sources */ = {isa = PBXBuildFile; fileRef = 60837A861E22B5E500E0892D /* LibraryManager.swift */; };
		60837A891E22BB4A00E0892D /* SharingManager.swift in Sources */ = {isa = PBXBuildFile; fileRef = 60837A881E22BB4A00E0892D /* SharingManager.swift */; };
		60837A8C1E22C0B000E0892D /* CustomSlider.swift in Sources */ = {isa = PBXBuildFile; fileRef = 60837A8B1E22C0B000E0892D /* CustomSlider.swift */; };
/* End PBXBuildFile section */

/* Begin PBXContainerItemProxy section */
		60837A701E229CF100E0892D /* PBXContainerItemProxy */ = {
			isa = PBXContainerItemProxy;
			containerPortal = 60837A531E229CF100E0892D /* Project object */;
			proxyType = 1;
			remoteGlobalIDString = 60837A5A1E229CF100E0892D;
			remoteInfo = "Photo Cropper";
		};
/* End PBXContainerItemProxy section */

/* Begin PBXFileReference section */
		1424C2E71E23829700814324 /* UIViewController+Alert.swift */ = {isa = PBXFileReference; fileEncoding = 4; lastKnownFileType = sourcecode.swift; name = "UIViewController+Alert.swift"; path = "Extensions/UIViewController+Alert.swift"; sourceTree = "<group>"; };
		14EF18FB1E22C716007C8C4D /* CropperViewController.swift */ = {isa = PBXFileReference; fileEncoding = 4; lastKnownFileType = sourcecode.swift; path = CropperViewController.swift; sourceTree = "<group>"; };
		14EF18FE1E22CD6E007C8C4D /* Photos.framework */ = {isa = PBXFileReference; lastKnownFileType = wrapper.framework; name = Photos.framework; path = System/Library/Frameworks/Photos.framework; sourceTree = SDKROOT; };
		60837A5B1E229CF100E0892D /* Photo Cropper.app */ = {isa = PBXFileReference; explicitFileType = wrapper.application; includeInIndex = 0; path = "Photo Cropper.app"; sourceTree = BUILT_PRODUCTS_DIR; };
		60837A5E1E229CF100E0892D /* AppDelegate.swift */ = {isa = PBXFileReference; lastKnownFileType = sourcecode.swift; path = AppDelegate.swift; sourceTree = "<group>"; };
		60837A631E229CF100E0892D /* Base */ = {isa = PBXFileReference; lastKnownFileType = file.storyboard; name = Base; path = Base.lproj/Main.storyboard; sourceTree = "<group>"; };
		60837A651E229CF100E0892D /* Assets.xcassets */ = {isa = PBXFileReference; lastKnownFileType = folder.assetcatalog; path = Assets.xcassets; sourceTree = "<group>"; };
		60837A681E229CF100E0892D /* Base */ = {isa = PBXFileReference; lastKnownFileType = file.storyboard; name = Base; path = Base.lproj/LaunchScreen.storyboard; sourceTree = "<group>"; };
		60837A6A1E229CF100E0892D /* Info.plist */ = {isa = PBXFileReference; lastKnownFileType = text.plist.xml; path = Info.plist; sourceTree = "<group>"; };
		60837A6F1E229CF100E0892D /* Photo CropperTests.xctest */ = {isa = PBXFileReference; explicitFileType = wrapper.cfbundle; includeInIndex = 0; path = "Photo CropperTests.xctest"; sourceTree = BUILT_PRODUCTS_DIR; };
		60837A731E229CF100E0892D /* Photo_CropperTests.swift */ = {isa = PBXFileReference; lastKnownFileType = sourcecode.swift; path = Photo_CropperTests.swift; sourceTree = "<group>"; };
		60837A751E229CF100E0892D /* Info.plist */ = {isa = PBXFileReference; lastKnownFileType = text.plist.xml; path = Info.plist; sourceTree = "<group>"; };
		60837A801E229E5A00E0892D /* LivePhotoPickerController.swift */ = {isa = PBXFileReference; fileEncoding = 4; lastKnownFileType = sourcecode.swift; path = LivePhotoPickerController.swift; sourceTree = "<group>"; };
		60837A821E22A1B100E0892D /* MediaResourceManager.swift */ = {isa = PBXFileReference; fileEncoding = 4; lastKnownFileType = sourcecode.swift; path = MediaResourceManager.swift; sourceTree = "<group>"; };
		60837A841E22A5AA00E0892D /* LivePhotoPlayer.swift */ = {isa = PBXFileReference; fileEncoding = 4; lastKnownFileType = sourcecode.swift; path = LivePhotoPlayer.swift; sourceTree = "<group>"; };
		60837A861E22B5E500E0892D /* LibraryManager.swift */ = {isa = PBXFileReference; fileEncoding = 4; lastKnownFileType = sourcecode.swift; path = LibraryManager.swift; sourceTree = "<group>"; };
		60837A881E22BB4A00E0892D /* SharingManager.swift */ = {isa = PBXFileReference; fileEncoding = 4; lastKnownFileType = sourcecode.swift; path = SharingManager.swift; sourceTree = "<group>"; };
		60837A8B1E22C0B000E0892D /* CustomSlider.swift */ = {isa = PBXFileReference; fileEncoding = 4; lastKnownFileType = sourcecode.swift; path = CustomSlider.swift; sourceTree = "<group>"; };
/* End PBXFileReference section */

/* Begin PBXFrameworksBuildPhase section */
		60837A581E229CF100E0892D /* Frameworks */ = {
			isa = PBXFrameworksBuildPhase;
			buildActionMask = 2147483647;
			files = (
			);
			runOnlyForDeploymentPostprocessing = 0;
		};
		60837A6C1E229CF100E0892D /* Frameworks */ = {
			isa = PBXFrameworksBuildPhase;
			buildActionMask = 2147483647;
			files = (
			);
			runOnlyForDeploymentPostprocessing = 0;
		};
/* End PBXFrameworksBuildPhase section */

/* Begin PBXGroup section */
		1424C2E61E23827800814324 /* Extensions */ = {
			isa = PBXGroup;
			children = (
				1424C2E71E23829700814324 /* UIViewController+Alert.swift */,
			);
			name = Extensions;
			sourceTree = "<group>";
		};
		14EF18FD1E22CD6E007C8C4D /* Frameworks */ = {
			isa = PBXGroup;
			children = (
				14EF18FE1E22CD6E007C8C4D /* Photos.framework */,
			);
			name = Frameworks;
			sourceTree = "<group>";
		};
		60837A521E229CF100E0892D = {
			isa = PBXGroup;
			children = (
				60837A5D1E229CF100E0892D /* Photo Cropper */,
				60837A721E229CF100E0892D /* Photo CropperTests */,
				60837A5C1E229CF100E0892D /* Products */,
				14EF18FD1E22CD6E007C8C4D /* Frameworks */,
			);
			sourceTree = "<group>";
		};
		60837A5C1E229CF100E0892D /* Products */ = {
			isa = PBXGroup;
			children = (
				60837A5B1E229CF100E0892D /* Photo Cropper.app */,
				60837A6F1E229CF100E0892D /* Photo CropperTests.xctest */,
			);
			name = Products;
			sourceTree = "<group>";
		};
		60837A5D1E229CF100E0892D /* Photo Cropper */ = {
			isa = PBXGroup;
			children = (
				60837A8A1E22C09A00E0892D /* Views */,
				1424C2E61E23827800814324 /* Extensions */,
				60837A7E1E229DF300E0892D /* Helpers */,
				60837A7F1E229E0600E0892D /* ViewControllers */,
				60837A5E1E229CF100E0892D /* AppDelegate.swift */,
				60837A621E229CF100E0892D /* Main.storyboard */,
				60837A651E229CF100E0892D /* Assets.xcassets */,
				60837A671E229CF100E0892D /* LaunchScreen.storyboard */,
				60837A6A1E229CF100E0892D /* Info.plist */,
			);
			path = "Photo Cropper";
			sourceTree = "<group>";
		};
		60837A721E229CF100E0892D /* Photo CropperTests */ = {
			isa = PBXGroup;
			children = (
				60837A731E229CF100E0892D /* Photo_CropperTests.swift */,
				60837A751E229CF100E0892D /* Info.plist */,
			);
			path = "Photo CropperTests";
			sourceTree = "<group>";
		};
		60837A7E1E229DF300E0892D /* Helpers */ = {
			isa = PBXGroup;
			children = (
				60837A801E229E5A00E0892D /* LivePhotoPickerController.swift */,
				60837A821E22A1B100E0892D /* MediaResourceManager.swift */,
				60837A841E22A5AA00E0892D /* LivePhotoPlayer.swift */,
				60837A861E22B5E500E0892D /* LibraryManager.swift */,
				60837A881E22BB4A00E0892D /* SharingManager.swift */,
			);
			path = Helpers;
			sourceTree = "<group>";
		};
		60837A7F1E229E0600E0892D /* ViewControllers */ = {
			isa = PBXGroup;
			children = (
				14EF18FB1E22C716007C8C4D /* CropperViewController.swift */,
			);
			path = ViewControllers;
			sourceTree = "<group>";
		};
		60837A8A1E22C09A00E0892D /* Views */ = {
			isa = PBXGroup;
			children = (
				60837A8B1E22C0B000E0892D /* CustomSlider.swift */,
			);
			path = Views;
			sourceTree = "<group>";
		};
/* End PBXGroup section */

/* Begin PBXNativeTarget section */
		60837A5A1E229CF100E0892D /* Photo Cropper */ = {
			isa = PBXNativeTarget;
			buildConfigurationList = 60837A781E229CF100E0892D /* Build configuration list for PBXNativeTarget "Photo Cropper" */;
			buildPhases = (
				60837A571E229CF100E0892D /* Sources */,
				60837A581E229CF100E0892D /* Frameworks */,
				60837A591E229CF100E0892D /* Resources */,
			);
			buildRules = (
			);
			dependencies = (
			);
			name = "Photo Cropper";
			productName = "Photo Cropper";
			productReference = 60837A5B1E229CF100E0892D /* Photo Cropper.app */;
			productType = "com.apple.product-type.application";
		};
		60837A6E1E229CF100E0892D /* Photo CropperTests */ = {
			isa = PBXNativeTarget;
			buildConfigurationList = 60837A7B1E229CF100E0892D /* Build configuration list for PBXNativeTarget "Photo CropperTests" */;
			buildPhases = (
				60837A6B1E229CF100E0892D /* Sources */,
				60837A6C1E229CF100E0892D /* Frameworks */,
				60837A6D1E229CF100E0892D /* Resources */,
			);
			buildRules = (
			);
			dependencies = (
				60837A711E229CF100E0892D /* PBXTargetDependency */,
			);
			name = "Photo CropperTests";
			productName = "Photo CropperTests";
			productReference = 60837A6F1E229CF100E0892D /* Photo CropperTests.xctest */;
			productType = "com.apple.product-type.bundle.unit-test";
		};
/* End PBXNativeTarget section */

/* Begin PBXProject section */
		60837A531E229CF100E0892D /* Project object */ = {
			isa = PBXProject;
			attributes = {
				LastSwiftUpdateCheck = 0820;
				LastUpgradeCheck = 0820;
				ORGANIZATIONNAME = "Gleb Radchenko";
				TargetAttributes = {
					60837A5A1E229CF100E0892D = {
						CreatedOnToolsVersion = 8.2.1;
						DevelopmentTeam = 76RXYZCS9Y;
						ProvisioningStyle = Automatic;
					};
					60837A6E1E229CF100E0892D = {
						CreatedOnToolsVersion = 8.2.1;
						DevelopmentTeam = 76RXYZCS9Y;
						ProvisioningStyle = Automatic;
						TestTargetID = 60837A5A1E229CF100E0892D;
					};
				};
			};
			buildConfigurationList = 60837A561E229CF100E0892D /* Build configuration list for PBXProject "Photo Cropper" */;
			compatibilityVersion = "Xcode 3.2";
			developmentRegion = English;
			hasScannedForEncodings = 0;
			knownRegions = (
				en,
				Base,
			);
			mainGroup = 60837A521E229CF100E0892D;
			productRefGroup = 60837A5C1E229CF100E0892D /* Products */;
			projectDirPath = "";
			projectRoot = "";
			targets = (
				60837A5A1E229CF100E0892D /* Photo Cropper */,
				60837A6E1E229CF100E0892D /* Photo CropperTests */,
			);
		};
/* End PBXProject section */

/* Begin PBXResourcesBuildPhase section */
		60837A591E229CF100E0892D /* Resources */ = {
			isa = PBXResourcesBuildPhase;
			buildActionMask = 2147483647;
			files = (
				60837A691E229CF100E0892D /* LaunchScreen.storyboard in Resources */,
				60837A661E229CF100E0892D /* Assets.xcassets in Resources */,
				60837A641E229CF100E0892D /* Main.storyboard in Resources */,
			);
			runOnlyForDeploymentPostprocessing = 0;
		};
		60837A6D1E229CF100E0892D /* Resources */ = {
			isa = PBXResourcesBuildPhase;
			buildActionMask = 2147483647;
			files = (
			);
			runOnlyForDeploymentPostprocessing = 0;
		};
/* End PBXResourcesBuildPhase section */

/* Begin PBXSourcesBuildPhase section */
		60837A571E229CF100E0892D /* Sources */ = {
			isa = PBXSourcesBuildPhase;
			buildActionMask = 2147483647;
			files = (
				60837A871E22B5E500E0892D /* LibraryManager.swift in Sources */,
				60837A8C1E22C0B000E0892D /* CustomSlider.swift in Sources */,
				60837A811E229E5A00E0892D /* LivePhotoPickerController.swift in Sources */,
				1424C2E81E23829700814324 /* UIViewController+Alert.swift in Sources */,
				60837A891E22BB4A00E0892D /* SharingManager.swift in Sources */,
				60837A5F1E229CF100E0892D /* AppDelegate.swift in Sources */,
				60837A831E22A1B100E0892D /* MediaResourceManager.swift in Sources */,
				60837A851E22A5AA00E0892D /* LivePhotoPlayer.swift in Sources */,
				14EF18FC1E22C716007C8C4D /* CropperViewController.swift in Sources */,
			);
			runOnlyForDeploymentPostprocessing = 0;
		};
		60837A6B1E229CF100E0892D /* Sources */ = {
			isa = PBXSourcesBuildPhase;
			buildActionMask = 2147483647;
			files = (
				60837A741E229CF100E0892D /* Photo_CropperTests.swift in Sources */,
			);
			runOnlyForDeploymentPostprocessing = 0;
		};
/* End PBXSourcesBuildPhase section */

/* Begin PBXTargetDependency section */
		60837A711E229CF100E0892D /* PBXTargetDependency */ = {
			isa = PBXTargetDependency;
			target = 60837A5A1E229CF100E0892D /* Photo Cropper */;
			targetProxy = 60837A701E229CF100E0892D /* PBXContainerItemProxy */;
		};
/* End PBXTargetDependency section */

/* Begin PBXVariantGroup section */
		60837A621E229CF100E0892D /* Main.storyboard */ = {
			isa = PBXVariantGroup;
			children = (
				60837A631E229CF100E0892D /* Base */,
			);
			name = Main.storyboard;
			sourceTree = "<group>";
		};
		60837A671E229CF100E0892D /* LaunchScreen.storyboard */ = {
			isa = PBXVariantGroup;
			children = (
				60837A681E229CF100E0892D /* Base */,
			);
			name = LaunchScreen.storyboard;
			sourceTree = "<group>";
		};
/* End PBXVariantGroup section */

/* Begin XCBuildConfiguration section */
		60837A761E229CF100E0892D /* Debug */ = {
			isa = XCBuildConfiguration;
			buildSettings = {
				ALWAYS_SEARCH_USER_PATHS = NO;
				CLANG_ANALYZER_NONNULL = YES;
				CLANG_CXX_LANGUAGE_STANDARD = "gnu++0x";
				CLANG_CXX_LIBRARY = "libc++";
				CLANG_ENABLE_MODULES = YES;
				CLANG_ENABLE_OBJC_ARC = YES;
				CLANG_WARN_BOOL_CONVERSION = YES;
				CLANG_WARN_CONSTANT_CONVERSION = YES;
				CLANG_WARN_DIRECT_OBJC_ISA_USAGE = YES_ERROR;
				CLANG_WARN_DOCUMENTATION_COMMENTS = YES;
				CLANG_WARN_EMPTY_BODY = YES;
				CLANG_WARN_ENUM_CONVERSION = YES;
				CLANG_WARN_INFINITE_RECURSION = YES;
				CLANG_WARN_INT_CONVERSION = YES;
				CLANG_WARN_OBJC_ROOT_CLASS = YES_ERROR;
				CLANG_WARN_SUSPICIOUS_MOVE = YES;
				CLANG_WARN_UNREACHABLE_CODE = YES;
				CLANG_WARN__DUPLICATE_METHOD_MATCH = YES;
				"CODE_SIGN_IDENTITY[sdk=iphoneos*]" = "iPhone Developer";
				COPY_PHASE_STRIP = NO;
				DEBUG_INFORMATION_FORMAT = dwarf;
				ENABLE_STRICT_OBJC_MSGSEND = YES;
				ENABLE_TESTABILITY = YES;
				GCC_C_LANGUAGE_STANDARD = gnu99;
				GCC_DYNAMIC_NO_PIC = NO;
				GCC_NO_COMMON_BLOCKS = YES;
				GCC_OPTIMIZATION_LEVEL = 0;
				GCC_PREPROCESSOR_DEFINITIONS = (
					"DEBUG=1",
					"$(inherited)",
				);
				GCC_WARN_64_TO_32_BIT_CONVERSION = YES;
				GCC_WARN_ABOUT_RETURN_TYPE = YES_ERROR;
				GCC_WARN_UNDECLARED_SELECTOR = YES;
				GCC_WARN_UNINITIALIZED_AUTOS = YES_AGGRESSIVE;
				GCC_WARN_UNUSED_FUNCTION = YES;
				GCC_WARN_UNUSED_VARIABLE = YES;
				IPHONEOS_DEPLOYMENT_TARGET = 9.1;
				MTL_ENABLE_DEBUG_INFO = YES;
				ONLY_ACTIVE_ARCH = YES;
				SDKROOT = iphoneos;
				SWIFT_ACTIVE_COMPILATION_CONDITIONS = DEBUG;
				SWIFT_OPTIMIZATION_LEVEL = "-Onone";
			};
			name = Debug;
		};
		60837A771E229CF100E0892D /* Release */ = {
			isa = XCBuildConfiguration;
			buildSettings = {
				ALWAYS_SEARCH_USER_PATHS = NO;
				CLANG_ANALYZER_NONNULL = YES;
				CLANG_CXX_LANGUAGE_STANDARD = "gnu++0x";
				CLANG_CXX_LIBRARY = "libc++";
				CLANG_ENABLE_MODULES = YES;
				CLANG_ENABLE_OBJC_ARC = YES;
				CLANG_WARN_BOOL_CONVERSION = YES;
				CLANG_WARN_CONSTANT_CONVERSION = YES;
				CLANG_WARN_DIRECT_OBJC_ISA_USAGE = YES_ERROR;
				CLANG_WARN_DOCUMENTATION_COMMENTS = YES;
				CLANG_WARN_EMPTY_BODY = YES;
				CLANG_WARN_ENUM_CONVERSION = YES;
				CLANG_WARN_INFINITE_RECURSION = YES;
				CLANG_WARN_INT_CONVERSION = YES;
				CLANG_WARN_OBJC_ROOT_CLASS = YES_ERROR;
				CLANG_WARN_SUSPICIOUS_MOVE = YES;
				CLANG_WARN_UNREACHABLE_CODE = YES;
				CLANG_WARN__DUPLICATE_METHOD_MATCH = YES;
				"CODE_SIGN_IDENTITY[sdk=iphoneos*]" = "iPhone Developer";
				COPY_PHASE_STRIP = NO;
				DEBUG_INFORMATION_FORMAT = "dwarf-with-dsym";
				ENABLE_NS_ASSERTIONS = NO;
				ENABLE_STRICT_OBJC_MSGSEND = YES;
				GCC_C_LANGUAGE_STANDARD = gnu99;
				GCC_NO_COMMON_BLOCKS = YES;
				GCC_WARN_64_TO_32_BIT_CONVERSION = YES;
				GCC_WARN_ABOUT_RETURN_TYPE = YES_ERROR;
				GCC_WARN_UNDECLARED_SELECTOR = YES;
				GCC_WARN_UNINITIALIZED_AUTOS = YES_AGGRESSIVE;
				GCC_WARN_UNUSED_FUNCTION = YES;
				GCC_WARN_UNUSED_VARIABLE = YES;
				IPHONEOS_DEPLOYMENT_TARGET = 9.1;
				MTL_ENABLE_DEBUG_INFO = NO;
				SDKROOT = iphoneos;
				SWIFT_OPTIMIZATION_LEVEL = "-Owholemodule";
				VALIDATE_PRODUCT = YES;
			};
			name = Release;
		};
		60837A791E229CF100E0892D /* Debug */ = {
			isa = XCBuildConfiguration;
			buildSettings = {
				ASSETCATALOG_COMPILER_APPICON_NAME = AppIcon;
				"CODE_SIGN_IDENTITY[sdk=iphoneos*]" = "iPhone Developer";
				DEVELOPMENT_TEAM = 76RXYZCS9Y;
				INFOPLIST_FILE = "Photo Cropper/Info.plist";
				LD_RUNPATH_SEARCH_PATHS = "$(inherited) @executable_path/Frameworks";
				PRODUCT_BUNDLE_IDENTIFIER = "com.radchencko.Photo-Cropper";
				PRODUCT_NAME = "$(TARGET_NAME)";
				SWIFT_VERSION = 3.0;
			};
			name = Debug;
		};
		60837A7A1E229CF100E0892D /* Release */ = {
			isa = XCBuildConfiguration;
			buildSettings = {
				ASSETCATALOG_COMPILER_APPICON_NAME = AppIcon;
				"CODE_SIGN_IDENTITY[sdk=iphoneos*]" = "iPhone Developer";
				DEVELOPMENT_TEAM = 76RXYZCS9Y;
				INFOPLIST_FILE = "Photo Cropper/Info.plist";
				LD_RUNPATH_SEARCH_PATHS = "$(inherited) @executable_path/Frameworks";
				PRODUCT_BUNDLE_IDENTIFIER = "com.radchencko.Photo-Cropper";
				PRODUCT_NAME = "$(TARGET_NAME)";
				SWIFT_VERSION = 3.0;
			};
			name = Release;
		};
		60837A7C1E229CF100E0892D /* Debug */ = {
			isa = XCBuildConfiguration;
			buildSettings = {
				ALWAYS_EMBED_SWIFT_STANDARD_LIBRARIES = YES;
				BUNDLE_LOADER = "$(TEST_HOST)";
				DEVELOPMENT_TEAM = 76RXYZCS9Y;
				INFOPLIST_FILE = "Photo CropperTests/Info.plist";
				LD_RUNPATH_SEARCH_PATHS = "$(inherited) @executable_path/Frameworks @loader_path/Frameworks";
				PRODUCT_BUNDLE_IDENTIFIER = "com.radchencko.Photo-CropperTests";
				PRODUCT_NAME = "$(TARGET_NAME)";
				SWIFT_VERSION = 3.0;
				TEST_HOST = "$(BUILT_PRODUCTS_DIR)/Photo Cropper.app/Photo Cropper";
			};
			name = Debug;
		};
		60837A7D1E229CF100E0892D /* Release */ = {
			isa = XCBuildConfiguration;
			buildSettings = {
				ALWAYS_EMBED_SWIFT_STANDARD_LIBRARIES = YES;
				BUNDLE_LOADER = "$(TEST_HOST)";
				DEVELOPMENT_TEAM = 76RXYZCS9Y;
				INFOPLIST_FILE = "Photo CropperTests/Info.plist";
				LD_RUNPATH_SEARCH_PATHS = "$(inherited) @executable_path/Frameworks @loader_path/Frameworks";
				PRODUCT_BUNDLE_IDENTIFIER = "com.radchencko.Photo-CropperTests";
				PRODUCT_NAME = "$(TARGET_NAME)";
				SWIFT_VERSION = 3.0;
				TEST_HOST = "$(BUILT_PRODUCTS_DIR)/Photo Cropper.app/Photo Cropper";
			};
			name = Release;
		};
/* End XCBuildConfiguration section */

/* Begin XCConfigurationList section */
		60837A561E229CF100E0892D /* Build configuration list for PBXProject "Photo Cropper" */ = {
			isa = XCConfigurationList;
			buildConfigurations = (
				60837A761E229CF100E0892D /* Debug */,
				60837A771E229CF100E0892D /* Release */,
			);
			defaultConfigurationIsVisible = 0;
			defaultConfigurationName = Release;
		};
		60837A781E229CF100E0892D /* Build configuration list for PBXNativeTarget "Photo Cropper" */ = {
			isa = XCConfigurationList;
			buildConfigurations = (
				60837A791E229CF100E0892D /* Debug */,
				60837A7A1E229CF100E0892D /* Release */,
			);
			defaultConfigurationIsVisible = 0;
			defaultConfigurationName = Release;
		};
		60837A7B1E229CF100E0892D /* Build configuration list for PBXNativeTarget "Photo CropperTests" */ = {
			isa = XCConfigurationList;
			buildConfigurations = (
				60837A7C1E229CF100E0892D /* Debug */,
				60837A7D1E229CF100E0892D /* Release */,
			);
			defaultConfigurationIsVisible = 0;
			defaultConfigurationName = Release;
		};
/* End XCConfigurationList section */
	};
	rootObject = 60837A531E229CF100E0892D /* Project object */;
}
